// !$*UTF8*$!
{
	archiveVersion = 1;
	classes = {
	};
	objectVersion = 50;
	objects = {

/* Begin PBXBuildFile section */
		9C7937A324C5B320001B40B0 /* AppDelegate.swift in Sources */ = {isa = PBXBuildFile; fileRef = 9C7937A224C5B320001B40B0 /* AppDelegate.swift */; };
		9C7937A524C5B320001B40B0 /* SceneDelegate.swift in Sources */ = {isa = PBXBuildFile; fileRef = 9C7937A424C5B320001B40B0 /* SceneDelegate.swift */; };
		9C7937A824C5B320001B40B0 /* _2_TestComprasApp.xcdatamodeld in Sources */ = {isa = PBXBuildFile; fileRef = 9C7937A624C5B320001B40B0 /* _2_TestComprasApp.xcdatamodeld */; };
		9C7937AA24C5B320001B40B0 /* ContentView.swift in Sources */ = {isa = PBXBuildFile; fileRef = 9C7937A924C5B320001B40B0 /* ContentView.swift */; };
		9C7937AC24C5B320001B40B0 /* Assets.xcassets in Resources */ = {isa = PBXBuildFile; fileRef = 9C7937AB24C5B320001B40B0 /* Assets.xcassets */; };
		9C7937AF24C5B320001B40B0 /* Preview Assets.xcassets in Resources */ = {isa = PBXBuildFile; fileRef = 9C7937AE24C5B320001B40B0 /* Preview Assets.xcassets */; };
		9C7937B224C5B320001B40B0 /* LaunchScreen.storyboard in Resources */ = {isa = PBXBuildFile; fileRef = 9C7937B024C5B320001B40B0 /* LaunchScreen.storyboard */; };
/* End PBXBuildFile section */

/* Begin PBXFileReference section */
		9C79379F24C5B320001B40B0 /* 02-TestComprasApp.app */ = {isa = PBXFileReference; explicitFileType = wrapper.application; includeInIndex = 0; path = "02-TestComprasApp.app"; sourceTree = BUILT_PRODUCTS_DIR; };
		9C7937A224C5B320001B40B0 /* AppDelegate.swift */ = {isa = PBXFileReference; lastKnownFileType = sourcecode.swift; path = AppDelegate.swift; sourceTree = "<group>"; };
		9C7937A424C5B320001B40B0 /* SceneDelegate.swift */ = {isa = PBXFileReference; lastKnownFileType = sourcecode.swift; path = SceneDelegate.swift; sourceTree = "<group>"; };
		9C7937A724C5B320001B40B0 /* _2_TestComprasApp.xcdatamodel */ = {isa = PBXFileReference; lastKnownFileType = wrapper.xcdatamodel; path = _2_TestComprasApp.xcdatamodel; sourceTree = "<group>"; };
		9C7937A924C5B320001B40B0 /* ContentView.swift */ = {isa = PBXFileReference; lastKnownFileType = sourcecode.swift; path = ContentView.swift; sourceTree = "<group>"; };
		9C7937AB24C5B320001B40B0 /* Assets.xcassets */ = {isa = PBXFileReference; lastKnownFileType = folder.assetcatalog; path = Assets.xcassets; sourceTree = "<group>"; };
		9C7937AE24C5B320001B40B0 /* Preview Assets.xcassets */ = {isa = PBXFileReference; lastKnownFileType = folder.assetcatalog; path = "Preview Assets.xcassets"; sourceTree = "<group>"; };
		9C7937B124C5B320001B40B0 /* Base */ = {isa = PBXFileReference; lastKnownFileType = file.storyboard; name = Base; path = Base.lproj/LaunchScreen.storyboard; sourceTree = "<group>"; };
		9C7937B324C5B320001B40B0 /* Info.plist */ = {isa = PBXFileReference; lastKnownFileType = text.plist.xml; path = Info.plist; sourceTree = "<group>"; };
/* End PBXFileReference section */

/* Begin PBXFrameworksBuildPhase section */
		9C79379C24C5B320001B40B0 /* Frameworks */ = {
			isa = PBXFrameworksBuildPhase;
			buildActionMask = 2147483647;
			files = (
			);
			runOnlyForDeploymentPostprocessing = 0;
		};
/* End PBXFrameworksBuildPhase section */

/* Begin PBXGroup section */
		9C79379624C5B320001B40B0 = {
			isa = PBXGroup;
			children = (
				9C7937A124C5B320001B40B0 /* 02-TestComprasApp */,
				9C7937A024C5B320001B40B0 /* Products */,
			);
			sourceTree = "<group>";
		};
		9C7937A024C5B320001B40B0 /* Products */ = {
			isa = PBXGroup;
			children = (
				9C79379F24C5B320001B40B0 /* 02-TestComprasApp.app */,
			);
			name = Products;
			sourceTree = "<group>";
		};
		9C7937A124C5B320001B40B0 /* 02-TestComprasApp */ = {
			isa = PBXGroup;
			children = (
				9C7937A224C5B320001B40B0 /* AppDelegate.swift */,
				9C7937A424C5B320001B40B0 /* SceneDelegate.swift */,
				9C7937A924C5B320001B40B0 /* ContentView.swift */,
				9C7937AB24C5B320001B40B0 /* Assets.xcassets */,
				9C7937B024C5B320001B40B0 /* LaunchScreen.storyboard */,
				9C7937B324C5B320001B40B0 /* Info.plist */,
				9C7937A624C5B320001B40B0 /* _2_TestComprasApp.xcdatamodeld */,
				9C7937AD24C5B320001B40B0 /* Preview Content */,
			);
			path = "02-TestComprasApp";
			sourceTree = "<group>";
		};
		9C7937AD24C5B320001B40B0 /* Preview Content */ = {
			isa = PBXGroup;
			children = (
				9C7937AE24C5B320001B40B0 /* Preview Assets.xcassets */,
			);
			path = "Preview Content";
			sourceTree = "<group>";
		};
/* End PBXGroup section */

/* Begin PBXNativeTarget section */
		9C79379E24C5B320001B40B0 /* 02-TestComprasApp */ = {
			isa = PBXNativeTarget;
			buildConfigurationList = 9C7937B624C5B320001B40B0 /* Build configuration list for PBXNativeTarget "02-TestComprasApp" */;
			buildPhases = (
				9C79379B24C5B320001B40B0 /* Sources */,
				9C79379C24C5B320001B40B0 /* Frameworks */,
				9C79379D24C5B320001B40B0 /* Resources */,
			);
			buildRules = (
			);
			dependencies = (
			);
			name = "02-TestComprasApp";
			productName = "02-TestComprasApp";
			productReference = 9C79379F24C5B320001B40B0 /* 02-TestComprasApp.app */;
			productType = "com.apple.product-type.application";
		};
/* End PBXNativeTarget section */

/* Begin PBXProject section */
		9C79379724C5B320001B40B0 /* Project object */ = {
			isa = PBXProject;
			attributes = {
				LastSwiftUpdateCheck = 1150;
				LastUpgradeCheck = 1150;
				ORGANIZATIONNAME = "Valentín Sánchez Campañón";
				TargetAttributes = {
					9C79379E24C5B320001B40B0 = {
						CreatedOnToolsVersion = 11.5;
					};
				};
			};
			buildConfigurationList = 9C79379A24C5B320001B40B0 /* Build configuration list for PBXProject "02-TestComprasApp" */;
			compatibilityVersion = "Xcode 9.3";
			developmentRegion = en;
			hasScannedForEncodings = 0;
			knownRegions = (
				en,
				Base,
			);
			mainGroup = 9C79379624C5B320001B40B0;
			productRefGroup = 9C7937A024C5B320001B40B0 /* Products */;
			projectDirPath = "";
			projectRoot = "";
			targets = (
				9C79379E24C5B320001B40B0 /* 02-TestComprasApp */,
			);
		};
/* End PBXProject section */

/* Begin PBXResourcesBuildPhase section */
		9C79379D24C5B320001B40B0 /* Resources */ = {
			isa = PBXResourcesBuildPhase;
			buildActionMask = 2147483647;
			files = (
				9C7937B224C5B320001B40B0 /* LaunchScreen.storyboard in Resources */,
				9C7937AF24C5B320001B40B0 /* Preview Assets.xcassets in Resources */,
				9C7937AC24C5B320001B40B0 /* Assets.xcassets in Resources */,
			);
			runOnlyForDeploymentPostprocessing = 0;
		};
/* End PBXResourcesBuildPhase section */

/* Begin PBXSourcesBuildPhase section */
		9C79379B24C5B320001B40B0 /* Sources */ = {
			isa = PBXSourcesBuildPhase;
			buildActionMask = 2147483647;
			files = (
				9C7937A824C5B320001B40B0 /* _2_TestComprasApp.xcdatamodeld in Sources */,
				9C7937A324C5B320001B40B0 /* AppDelegate.swift in Sources */,
				9C7937AA24C5B320001B40B0 /* ContentView.swift in Sources */,
				9C7937A524C5B320001B40B0 /* SceneDelegate.swift in Sources */,
			);
			runOnlyForDeploymentPostprocessing = 0;
		};
/* End PBXSourcesBuildPhase section */

/* Begin PBXVariantGroup section */
		9C7937B024C5B320001B40B0 /* LaunchScreen.storyboard */ = {
			isa = PBXVariantGroup;
			children = (
				9C7937B124C5B320001B40B0 /* Base */,
			);
			name = LaunchScreen.storyboard;
			sourceTree = "<group>";
		};
/* End PBXVariantGroup section */

/* Begin XCBuildConfiguration section */
		9C7937B424C5B320001B40B0 /* Debug */ = {
			isa = XCBuildConfiguration;
			buildSettings = {
				ALWAYS_SEARCH_USER_PATHS = NO;
				CLANG_ANALYZER_NONNULL = YES;
				CLANG_ANALYZER_NUMBER_OBJECT_CONVERSION = YES_AGGRESSIVE;
				CLANG_CXX_LANGUAGE_STANDARD = "gnu++14";
				CLANG_CXX_LIBRARY = "libc++";
				CLANG_ENABLE_MODULES = YES;
				CLANG_ENABLE_OBJC_ARC = YES;
				CLANG_ENABLE_OBJC_WEAK = YES;
				CLANG_WARN_BLOCK_CAPTURE_AUTORELEASING = YES;
				CLANG_WARN_BOOL_CONVERSION = YES;
				CLANG_WARN_COMMA = YES;
				CLANG_WARN_CONSTANT_CONVERSION = YES;
				CLANG_WARN_DEPRECATED_OBJC_IMPLEMENTATIONS = YES;
				CLANG_WARN_DIRECT_OBJC_ISA_USAGE = YES_ERROR;
				CLANG_WARN_DOCUMENTATION_COMMENTS = YES;
				CLANG_WARN_EMPTY_BODY = YES;
				CLANG_WARN_ENUM_CONVERSION = YES;
				CLANG_WARN_INFINITE_RECURSION = YES;
				CLANG_WARN_INT_CONVERSION = YES;
				CLANG_WARN_NON_LITERAL_NULL_CONVERSION = YES;
				CLANG_WARN_OBJC_IMPLICIT_RETAIN_SELF = YES;
				CLANG_WARN_OBJC_LITERAL_CONVERSION = YES;
				CLANG_WARN_OBJC_ROOT_CLASS = YES_ERROR;
				CLANG_WARN_RANGE_LOOP_ANALYSIS = YES;
				CLANG_WARN_STRICT_PROTOTYPES = YES;
				CLANG_WARN_SUSPICIOUS_MOVE = YES;
				CLANG_WARN_UNGUARDED_AVAILABILITY = YES_AGGRESSIVE;
				CLANG_WARN_UNREACHABLE_CODE = YES;
				CLANG_WARN__DUPLICATE_METHOD_MATCH = YES;
				COPY_PHASE_STRIP = NO;
				DEBUG_INFORMATION_FORMAT = dwarf;
				ENABLE_STRICT_OBJC_MSGSEND = YES;
				ENABLE_TESTABILITY = YES;
				GCC_C_LANGUAGE_STANDARD = gnu11;
				GCC_DYNAMIC_NO_PIC = NO;
				GCC_NO_COMMON_BLOCKS = YES;
				GCC_OPTIMIZATION_LEVEL = 0;
				GCC_PREPROCESSOR_DEFINITIONS = (
					"DEBUG=1",
					"$(inherited)",
				);
				GCC_WARN_64_TO_32_BIT_CONVERSION = YES;
				GCC_WARN_ABOUT_RETURN_TYPE = YES_ERROR;
				GCC_WARN_UNDECLARED_SELECTOR = YES;
				GCC_WARN_UNINITIALIZED_AUTOS = YES_AGGRESSIVE;
				GCC_WARN_UNUSED_FUNCTION = YES;
				GCC_WARN_UNUSED_VARIABLE = YES;
				IPHONEOS_DEPLOYMENT_TARGET = 13.5;
				MTL_ENABLE_DEBUG_INFO = INCLUDE_SOURCE;
				MTL_FAST_MATH = YES;
				ONLY_ACTIVE_ARCH = YES;
				SDKROOT = iphoneos;
				SWIFT_ACTIVE_COMPILATION_CONDITIONS = DEBUG;
				SWIFT_OPTIMIZATION_LEVEL = "-Onone";
			};
			name = Debug;
		};
		9C7937B524C5B320001B40B0 /* Release */ = {
			isa = XCBuildConfiguration;
			buildSettings = {
				ALWAYS_SEARCH_USER_PATHS = NO;
				CLANG_ANALYZER_NONNULL = YES;
				CLANG_ANALYZER_NUMBER_OBJECT_CONVERSION = YES_AGGRESSIVE;
				CLANG_CXX_LANGUAGE_STANDARD = "gnu++14";
				CLANG_CXX_LIBRARY = "libc++";
				CLANG_ENABLE_MODULES = YES;
				CLANG_ENABLE_OBJC_ARC = YES;
				CLANG_ENABLE_OBJC_WEAK = YES;
				CLANG_WARN_BLOCK_CAPTURE_AUTORELEASING = YES;
				CLANG_WARN_BOOL_CONVERSION = YES;
				CLANG_WARN_COMMA = YES;
				CLANG_WARN_CONSTANT_CONVERSION = YES;
				CLANG_WARN_DEPRECATED_OBJC_IMPLEMENTATIONS = YES;
				CLANG_WARN_DIRECT_OBJC_ISA_USAGE = YES_ERROR;
				CLANG_WARN_DOCUMENTATION_COMMENTS = YES;
				CLANG_WARN_EMPTY_BODY = YES;
				CLANG_WARN_ENUM_CONVERSION = YES;
				CLANG_WARN_INFINITE_RECURSION = YES;
				CLANG_WARN_INT_CONVERSION = YES;
				CLANG_WARN_NON_LITERAL_NULL_CONVERSION = YES;
				CLANG_WARN_OBJC_IMPLICIT_RETAIN_SELF = YES;
				CLANG_WARN_OBJC_LITERAL_CONVERSION = YES;
				CLANG_WARN_OBJC_ROOT_CLASS = YES_ERROR;
				CLANG_WARN_RANGE_LOOP_ANALYSIS = YES;
				CLANG_WARN_STRICT_PROTOTYPES = YES;
				CLANG_WARN_SUSPICIOUS_MOVE = YES;
				CLANG_WARN_UNGUARDED_AVAILABILITY = YES_AGGRESSIVE;
				CLANG_WARN_UNREACHABLE_CODE = YES;
				CLANG_WARN__DUPLICATE_METHOD_MATCH = YES;
				COPY_PHASE_STRIP = NO;
				DEBUG_INFORMATION_FORMAT = "dwarf-with-dsym";
				ENABLE_NS_ASSERTIONS = NO;
				ENABLE_STRICT_OBJC_MSGSEND = YES;
				GCC_C_LANGUAGE_STANDARD = gnu11;
				GCC_NO_COMMON_BLOCKS = YES;
				GCC_WARN_64_TO_32_BIT_CONVERSION = YES;
				GCC_WARN_ABOUT_RETURN_TYPE = YES_ERROR;
				GCC_WARN_UNDECLARED_SELECTOR = YES;
				GCC_WARN_UNINITIALIZED_AUTOS = YES_AGGRESSIVE;
				GCC_WARN_UNUSED_FUNCTION = YES;
				GCC_WARN_UNUSED_VARIABLE = YES;
				IPHONEOS_DEPLOYMENT_TARGET = 13.5;
				MTL_ENABLE_DEBUG_INFO = NO;
				MTL_FAST_MATH = YES;
				SDKROOT = iphoneos;
				SWIFT_COMPILATION_MODE = wholemodule;
				SWIFT_OPTIMIZATION_LEVEL = "-O";
				VALIDATE_PRODUCT = YES;
			};
			name = Release;
		};
		9C7937B724C5B320001B40B0 /* Debug */ = {
			isa = XCBuildConfiguration;
			buildSettings = {
				ASSETCATALOG_COMPILER_APPICON_NAME = AppIcon;
				CODE_SIGN_STYLE = Automatic;
				DEVELOPMENT_ASSET_PATHS = "\"02-TestComprasApp/Preview Content\"";
				DEVELOPMENT_TEAM = 86493DU2P3;
				ENABLE_PREVIEWS = YES;
				INFOPLIST_FILE = "02-TestComprasApp/Info.plist";
				LD_RUNPATH_SEARCH_PATHS = (
					"$(inherited)",
					"@executable_path/Frameworks",
				);
				PRODUCT_BUNDLE_IDENTIFIER = "none.-2-TestComprasApp";
				PRODUCT_NAME = "$(TARGET_NAME)";
				SWIFT_VERSION = 5.0;
				TARGETED_DEVICE_FAMILY = "1,2";
			};
			name = Debug;
		};
		9C7937B824C5B320001B40B0 /* Release */ = {
			isa = XCBuildConfiguration;
			buildSettings = {
				ASSETCATALOG_COMPILER_APPICON_NAME = AppIcon;
				CODE_SIGN_STYLE = Automatic;
				DEVELOPMENT_ASSET_PATHS = "\"02-TestComprasApp/Preview Content\"";
				DEVELOPMENT_TEAM = 86493DU2P3;
				ENABLE_PREVIEWS = YES;
				INFOPLIST_FILE = "02-TestComprasApp/Info.plist";
				LD_RUNPATH_SEARCH_PATHS = (
					"$(inherited)",
					"@executable_path/Frameworks",
				);
				PRODUCT_BUNDLE_IDENTIFIER = "none.-2-TestComprasApp";
				PRODUCT_NAME = "$(TARGET_NAME)";
				SWIFT_VERSION = 5.0;
				TARGETED_DEVICE_FAMILY = "1,2";
			};
			name = Release;
		};
/* End XCBuildConfiguration section */

/* Begin XCConfigurationList section */
		9C79379A24C5B320001B40B0 /* Build configuration list for PBXProject "02-TestComprasApp" */ = {
			isa = XCConfigurationList;
			buildConfigurations = (
				9C7937B424C5B320001B40B0 /* Debug */,
				9C7937B524C5B320001B40B0 /* Release */,
			);
			defaultConfigurationIsVisible = 0;
			defaultConfigurationName = Release;
		};
		9C7937B624C5B320001B40B0 /* Build configuration list for PBXNativeTarget "02-TestComprasApp" */ = {
			isa = XCConfigurationList;
			buildConfigurations = (
				9C7937B724C5B320001B40B0 /* Debug */,
				9C7937B824C5B320001B40B0 /* Release */,
			);
			defaultConfigurationIsVisible = 0;
			defaultConfigurationName = Release;
		};
/* End XCConfigurationList section */

/* Begin XCVersionGroup section */
		9C7937A624C5B320001B40B0 /* _2_TestComprasApp.xcdatamodeld */ = {
			isa = XCVersionGroup;
			children = (
				9C7937A724C5B320001B40B0 /* _2_TestComprasApp.xcdatamodel */,
			);
			currentVersion = 9C7937A724C5B320001B40B0 /* _2_TestComprasApp.xcdatamodel */;
			path = _2_TestComprasApp.xcdatamodeld;
			sourceTree = "<group>";
			versionGroupType = wrapper.xcdatamodel;
		};
/* End XCVersionGroup section */
	};
	rootObject = 9C79379724C5B320001B40B0 /* Project object */;
}
